
Microsoft Visual Studio Solution File, Format Version 12.00
# Visual Studio Version 17
VisualStudioVersion = 17.4.33205.214
MinimumVisualStudioVersion = 10.0.40219.1
Project("{FAE04EC0-301F-11D3-BF4B-00C04F79EFBC}") = "WSClinica", "WSClinica\WSClinica.csproj", "{4B7BBB5A-0D5A-47CF-B249-DC6D2F01C075}"
EndProject
Global
	GlobalSection(SolutionConfigurationPlatforms) = preSolution
		Debug|Any CPU = Debug|Any CPU
		Release|Any CPU = Release|Any CPU
	EndGlobalSection
	GlobalSection(ProjectConfigurationPlatforms) = postSolution
		{4B7BBB5A-0D5A-47CF-B249-DC6D2F01C075}.Debug|Any CPU.ActiveCfg = Debug|Any CPU
		{4B7BBB5A-0D5A-47CF-B249-DC6D2F01C075}.Debug|Any CPU.Build.0 = Debug|Any CPU
		{4B7BBB5A-0D5A-47CF-B249-DC6D2F01C075}.Release|Any CPU.ActiveCfg = Release|Any CPU
		{4B7BBB5A-0D5A-47CF-B249-DC6D2F01C075}.Release|Any CPU.Build.0 = Release|Any CPU
	EndGlobalSection
	GlobalSection(SolutionProperties) = preSolution
		HideSolutionNode = FALSE
	EndGlobalSection
	GlobalSection(ExtensibilityGlobals) = postSolution
		SolutionGuid = {23E9AAC1-1209-4C81-8A68-A1BE1484ABC9}
	EndGlobalSection
EndGlobal
